
Microsoft Visual Studio Solution File, Format Version 12.00
# Visual Studio Version 17
VisualStudioVersion = 17.5.33502.453
MinimumVisualStudioVersion = 10.0.40219.1
Project("{FAE04EC0-301F-11D3-BF4B-00C04F79EFBC}") = "Playmove.API", "Playmove.API\Playmove.API.csproj", "{ADD0692F-D85A-4B85-ADC6-1366881682D1}"
EndProject
Project("{FAE04EC0-301F-11D3-BF4B-00C04F79EFBC}") = "Playmove.DAO", "Playmove.DAO\Playmove.DAO.csproj", "{9EDBBC3A-1D41-427D-B4F2-DD955C786081}"
EndProject
Global
	GlobalSection(SolutionConfigurationPlatforms) = preSolution
		Debug|Any CPU = Debug|Any CPU
		Release|Any CPU = Release|Any CPU
	EndGlobalSection
	GlobalSection(ProjectConfigurationPlatforms) = postSolution
		{ADD0692F-D85A-4B85-ADC6-1366881682D1}.Debug|Any CPU.ActiveCfg = Debug|Any CPU
		{ADD0692F-D85A-4B85-ADC6-1366881682D1}.Debug|Any CPU.Build.0 = Debug|Any CPU
		{ADD0692F-D85A-4B85-ADC6-1366881682D1}.Release|Any CPU.ActiveCfg = Release|Any CPU
		{ADD0692F-D85A-4B85-ADC6-1366881682D1}.Release|Any CPU.Build.0 = Release|Any CPU
		{9EDBBC3A-1D41-427D-B4F2-DD955C786081}.Debug|Any CPU.ActiveCfg = Debug|Any CPU
		{9EDBBC3A-1D41-427D-B4F2-DD955C786081}.Debug|Any CPU.Build.0 = Debug|Any CPU
		{9EDBBC3A-1D41-427D-B4F2-DD955C786081}.Release|Any CPU.ActiveCfg = Release|Any CPU
		{9EDBBC3A-1D41-427D-B4F2-DD955C786081}.Release|Any CPU.Build.0 = Release|Any CPU
	EndGlobalSection
	GlobalSection(SolutionProperties) = preSolution
		HideSolutionNode = FALSE
	EndGlobalSection
	GlobalSection(ExtensibilityGlobals) = postSolution
		SolutionGuid = {53BFCF58-A64B-4C3C-8A0D-E4D367383EEE}
	EndGlobalSection
EndGlobal
